// !$*UTF8*$!
{
	archiveVersion = 1;
	classes = {
	};
	objectVersion = 56;
	objects = {

/* Begin PBXBuildFile section */
		058557BB273AAA24004C7B11 /* Assets.xcassets in Resources */ = {isa = PBXBuildFile; fileRef = 058557BA273AAA24004C7B11 /* Assets.xcassets */; };
		058557D9273AAEEB004C7B11 /* Preview Assets.xcassets in Resources */ = {isa = PBXBuildFile; fileRef = 058557D8273AAEEB004C7B11 /* Preview Assets.xcassets */; };
		13CE60E22D3C142B00A30CD5 /* FirebaseAnalytics in Frameworks */ = {isa = PBXBuildFile; productRef = 13CE60E12D3C142B00A30CD5 /* FirebaseAnalytics */; };
		13CE60E42D3C142B00A30CD5 /* FirebaseAnalyticsOnDeviceConversion in Frameworks */ = {isa = PBXBuildFile; productRef = 13CE60E32D3C142B00A30CD5 /* FirebaseAnalyticsOnDeviceConversion */; };
		13CE60E62D3C142B00A30CD5 /* FirebaseAnalyticsWithoutAdIdSupport in Frameworks */ = {isa = PBXBuildFile; productRef = 13CE60E52D3C142B00A30CD5 /* FirebaseAnalyticsWithoutAdIdSupport */; };
		13CE60E82D3C142B00A30CD5 /* FirebaseAppCheck in Frameworks */ = {isa = PBXBuildFile; productRef = 13CE60E72D3C142B00A30CD5 /* FirebaseAppCheck */; };
		13CE60EA2D3C142B00A30CD5 /* FirebaseAppDistribution-Beta in Frameworks */ = {isa = PBXBuildFile; productRef = 13CE60E92D3C142B00A30CD5 /* FirebaseAppDistribution-Beta */; };
		13CE60EC2D3C142B00A30CD5 /* FirebaseAuth in Frameworks */ = {isa = PBXBuildFile; productRef = 13CE60EB2D3C142B00A30CD5 /* FirebaseAuth */; };
		13CE60EE2D3C142B00A30CD5 /* FirebaseAuthCombine-Community in Frameworks */ = {isa = PBXBuildFile; productRef = 13CE60ED2D3C142B00A30CD5 /* FirebaseAuthCombine-Community */; };
		13CE60F02D3C142B00A30CD5 /* FirebaseCore in Frameworks */ = {isa = PBXBuildFile; productRef = 13CE60EF2D3C142B00A30CD5 /* FirebaseCore */; };
		13CE60F22D3C142B00A30CD5 /* FirebaseCrashlytics in Frameworks */ = {isa = PBXBuildFile; productRef = 13CE60F12D3C142B00A30CD5 /* FirebaseCrashlytics */; };
		13CE60F42D3C142B00A30CD5 /* FirebaseDatabase in Frameworks */ = {isa = PBXBuildFile; productRef = 13CE60F32D3C142B00A30CD5 /* FirebaseDatabase */; };
		13CE60F62D3C142B00A30CD5 /* FirebaseDynamicLinks in Frameworks */ = {isa = PBXBuildFile; productRef = 13CE60F52D3C142B00A30CD5 /* FirebaseDynamicLinks */; };
		13CE60F82D3C142B00A30CD5 /* FirebaseFirestore in Frameworks */ = {isa = PBXBuildFile; productRef = 13CE60F72D3C142B00A30CD5 /* FirebaseFirestore */; };
		13CE60FA2D3C142B00A30CD5 /* FirebaseFirestoreCombine-Community in Frameworks */ = {isa = PBXBuildFile; productRef = 13CE60F92D3C142B00A30CD5 /* FirebaseFirestoreCombine-Community */; };
		13CE60FC2D3C142B00A30CD5 /* FirebaseFunctions in Frameworks */ = {isa = PBXBuildFile; productRef = 13CE60FB2D3C142B00A30CD5 /* FirebaseFunctions */; };
		13CE60FE2D3C142B00A30CD5 /* FirebaseFunctionsCombine-Community in Frameworks */ = {isa = PBXBuildFile; productRef = 13CE60FD2D3C142B00A30CD5 /* FirebaseFunctionsCombine-Community */; };
		13CE61002D3C142B00A30CD5 /* FirebaseInAppMessaging-Beta in Frameworks */ = {isa = PBXBuildFile; productRef = 13CE60FF2D3C142B00A30CD5 /* FirebaseInAppMessaging-Beta */; };
		13CE61022D3C142B00A30CD5 /* FirebaseInstallations in Frameworks */ = {isa = PBXBuildFile; productRef = 13CE61012D3C142B00A30CD5 /* FirebaseInstallations */; };
		13CE61042D3C142B00A30CD5 /* FirebaseMLModelDownloader in Frameworks */ = {isa = PBXBuildFile; productRef = 13CE61032D3C142B00A30CD5 /* FirebaseMLModelDownloader */; };
		13CE61062D3C142B00A30CD5 /* FirebaseMessaging in Frameworks */ = {isa = PBXBuildFile; productRef = 13CE61052D3C142B00A30CD5 /* FirebaseMessaging */; };
		13CE61082D3C142B00A30CD5 /* FirebasePerformance in Frameworks */ = {isa = PBXBuildFile; productRef = 13CE61072D3C142B00A30CD5 /* FirebasePerformance */; };
		13CE610A2D3C142B00A30CD5 /* FirebaseRemoteConfig in Frameworks */ = {isa = PBXBuildFile; productRef = 13CE61092D3C142B00A30CD5 /* FirebaseRemoteConfig */; };
		13CE610C2D3C142B00A30CD5 /* FirebaseStorage in Frameworks */ = {isa = PBXBuildFile; productRef = 13CE610B2D3C142B00A30CD5 /* FirebaseStorage */; };
		13CE610E2D3C142B00A30CD5 /* FirebaseStorageCombine-Community in Frameworks */ = {isa = PBXBuildFile; productRef = 13CE610D2D3C142B00A30CD5 /* FirebaseStorageCombine-Community */; };
		13CE61102D3C142B00A30CD5 /* FirebaseVertexAI in Frameworks */ = {isa = PBXBuildFile; productRef = 13CE610F2D3C142B00A30CD5 /* FirebaseVertexAI */; };
		13CE61122D3C14D200A30CD5 /* GoogleService-Info.plist in Resources */ = {isa = PBXBuildFile; fileRef = 13CE61112D3C14D200A30CD5 /* GoogleService-Info.plist */; };
		13DBC07D2D46E53400AFC20B /* GoogleSignIn in Frameworks */ = {isa = PBXBuildFile; productRef = 13DBC07C2D46E53400AFC20B /* GoogleSignIn */; };
		13DBC07F2D46E53400AFC20B /* GoogleSignInSwift in Frameworks */ = {isa = PBXBuildFile; productRef = 13DBC07E2D46E53400AFC20B /* GoogleSignInSwift */; };
		13DD1C8A2D3CC43C0099B166 /* Launch Screen.storyboard in Resources */ = {isa = PBXBuildFile; fileRef = 13DD1C892D3CC43C0099B166 /* Launch Screen.storyboard */; };
		13F975152D92368000AD68D3 /* sound_7.wav in Resources */ = {isa = PBXBuildFile; fileRef = 13F975092D92367F00AD68D3 /* sound_7.wav */; };
		13F975162D92368000AD68D3 /* sound_8.wav in Resources */ = {isa = PBXBuildFile; fileRef = 13F9750A2D92367F00AD68D3 /* sound_8.wav */; };
		13F975172D92368000AD68D3 /* sound_9.wav in Resources */ = {isa = PBXBuildFile; fileRef = 13F9750B2D92368000AD68D3 /* sound_9.wav */; };
		13F975182D92368000AD68D3 /* sound_10.wav in Resources */ = {isa = PBXBuildFile; fileRef = 13F9750C2D92368000AD68D3 /* sound_10.wav */; };
		13F975192D92368000AD68D3 /* sound_11.wav in Resources */ = {isa = PBXBuildFile; fileRef = 13F9750D2D92368000AD68D3 /* sound_11.wav */; };
		13F9751A2D92368000AD68D3 /* sound_12.wav in Resources */ = {isa = PBXBuildFile; fileRef = 13F9750E2D92368000AD68D3 /* sound_12.wav */; };
		13F9751B2D92368000AD68D3 /* sound_6.wav in Resources */ = {isa = PBXBuildFile; fileRef = 13F9750F2D92368000AD68D3 /* sound_6.wav */; };
		13F9751C2D92368000AD68D3 /* sound_5.wav in Resources */ = {isa = PBXBuildFile; fileRef = 13F975102D92368000AD68D3 /* sound_5.wav */; };
		13F9751D2D92368000AD68D3 /* sound_1.wav in Resources */ = {isa = PBXBuildFile; fileRef = 13F975112D92368000AD68D3 /* sound_1.wav */; };
		13F9751E2D92368000AD68D3 /* sound_2.wav in Resources */ = {isa = PBXBuildFile; fileRef = 13F975122D92368000AD68D3 /* sound_2.wav */; };
		13F9751F2D92368000AD68D3 /* sound_3.wav in Resources */ = {isa = PBXBuildFile; fileRef = 13F975132D92368000AD68D3 /* sound_3.wav */; };
		13F975202D92368000AD68D3 /* sound_4.wav in Resources */ = {isa = PBXBuildFile; fileRef = 13F975142D92368000AD68D3 /* sound_4.wav */; };
		2152FB042600AC8F00CF470E /* iOSApp.swift in Sources */ = {isa = PBXBuildFile; fileRef = 2152FB032600AC8F00CF470E /* iOSApp.swift */; };
		7555FF83242A565900829871 /* ContentView.swift in Sources */ = {isa = PBXBuildFile; fileRef = 7555FF82242A565900829871 /* ContentView.swift */; };
/* End PBXBuildFile section */

/* Begin PBXCopyFilesBuildPhase section */
		13F975082D92362300AD68D3 /* CopyFiles */ = {
			isa = PBXCopyFilesBuildPhase;
			buildActionMask = 2147483647;
			dstPath = "";
			dstSubfolderSpec = 7;
			files = (
			);
			runOnlyForDeploymentPostprocessing = 0;
		};
/* End PBXCopyFilesBuildPhase section */

/* Begin PBXFileReference section */
		058557BA273AAA24004C7B11 /* Assets.xcassets */ = {isa = PBXFileReference; lastKnownFileType = folder.assetcatalog; path = Assets.xcassets; sourceTree = "<group>"; };
		058557D8273AAEEB004C7B11 /* Preview Assets.xcassets */ = {isa = PBXFileReference; lastKnownFileType = folder.assetcatalog; path = "Preview Assets.xcassets"; sourceTree = "<group>"; };
		13CE61112D3C14D200A30CD5 /* GoogleService-Info.plist */ = {isa = PBXFileReference; lastKnownFileType = text.plist.xml; name = "GoogleService-Info.plist"; path = "iosApp/GoogleService-Info.plist"; sourceTree = "<group>"; };
		13DD1C892D3CC43C0099B166 /* Launch Screen.storyboard */ = {isa = PBXFileReference; lastKnownFileType = file.storyboard; path = "Launch Screen.storyboard"; sourceTree = "<group>"; };
		13F975092D92367F00AD68D3 /* sound_7.wav */ = {isa = PBXFileReference; lastKnownFileType = audio.wav; path = sound_7.wav; sourceTree = "<group>"; };
		13F9750A2D92367F00AD68D3 /* sound_8.wav */ = {isa = PBXFileReference; lastKnownFileType = audio.wav; path = sound_8.wav; sourceTree = "<group>"; };
		13F9750B2D92368000AD68D3 /* sound_9.wav */ = {isa = PBXFileReference; lastKnownFileType = audio.wav; path = sound_9.wav; sourceTree = "<group>"; };
		13F9750C2D92368000AD68D3 /* sound_10.wav */ = {isa = PBXFileReference; lastKnownFileType = audio.wav; path = sound_10.wav; sourceTree = "<group>"; };
		13F9750D2D92368000AD68D3 /* sound_11.wav */ = {isa = PBXFileReference; lastKnownFileType = audio.wav; path = sound_11.wav; sourceTree = "<group>"; };
		13F9750E2D92368000AD68D3 /* sound_12.wav */ = {isa = PBXFileReference; lastKnownFileType = audio.wav; path = sound_12.wav; sourceTree = "<group>"; };
		13F9750F2D92368000AD68D3 /* sound_6.wav */ = {isa = PBXFileReference; lastKnownFileType = audio.wav; path = sound_6.wav; sourceTree = "<group>"; };
		13F975102D92368000AD68D3 /* sound_5.wav */ = {isa = PBXFileReference; lastKnownFileType = audio.wav; path = sound_5.wav; sourceTree = "<group>"; };
		13F975112D92368000AD68D3 /* sound_1.wav */ = {isa = PBXFileReference; lastKnownFileType = audio.wav; path = sound_1.wav; sourceTree = "<group>"; };
		13F975122D92368000AD68D3 /* sound_2.wav */ = {isa = PBXFileReference; lastKnownFileType = audio.wav; path = sound_2.wav; sourceTree = "<group>"; };
		13F975132D92368000AD68D3 /* sound_3.wav */ = {isa = PBXFileReference; lastKnownFileType = audio.wav; path = sound_3.wav; sourceTree = "<group>"; };
		13F975142D92368000AD68D3 /* sound_4.wav */ = {isa = PBXFileReference; lastKnownFileType = audio.wav; path = sound_4.wav; sourceTree = "<group>"; };
		2152FB032600AC8F00CF470E /* iOSApp.swift */ = {isa = PBXFileReference; lastKnownFileType = sourcecode.swift; path = iOSApp.swift; sourceTree = "<group>"; };
		7555FF7B242A565900829871 /* Tzakar.app */ = {isa = PBXFileReference; explicitFileType = wrapper.application; includeInIndex = 0; path = Tzakar.app; sourceTree = BUILT_PRODUCTS_DIR; };
		7555FF82242A565900829871 /* ContentView.swift */ = {isa = PBXFileReference; lastKnownFileType = sourcecode.swift; path = ContentView.swift; sourceTree = "<group>"; };
		7555FF8C242A565B00829871 /* Info.plist */ = {isa = PBXFileReference; lastKnownFileType = text.plist.xml; path = Info.plist; sourceTree = "<group>"; };
		AB3632DC29227652001CCB65 /* Config.xcconfig */ = {isa = PBXFileReference; fileEncoding = 4; lastKnownFileType = text.xcconfig; path = Config.xcconfig; sourceTree = "<group>"; };
/* End PBXFileReference section */

/* Begin PBXFrameworksBuildPhase section */
		B92378962B6B1156000C7307 /* Frameworks */ = {
			isa = PBXFrameworksBuildPhase;
			buildActionMask = 2147483647;
			files = (
				13CE60FA2D3C142B00A30CD5 /* FirebaseFirestoreCombine-Community in Frameworks */,
				13CE61102D3C142B00A30CD5 /* FirebaseVertexAI in Frameworks */,
				13CE60FC2D3C142B00A30CD5 /* FirebaseFunctions in Frameworks */,
				13CE61082D3C142B00A30CD5 /* FirebasePerformance in Frameworks */,
				13CE610E2D3C142B00A30CD5 /* FirebaseStorageCombine-Community in Frameworks */,
				13DBC07F2D46E53400AFC20B /* GoogleSignInSwift in Frameworks */,
				13CE610A2D3C142B00A30CD5 /* FirebaseRemoteConfig in Frameworks */,
				13CE60F42D3C142B00A30CD5 /* FirebaseDatabase in Frameworks */,
				13CE60F62D3C142B00A30CD5 /* FirebaseDynamicLinks in Frameworks */,
				13CE60E82D3C142B00A30CD5 /* FirebaseAppCheck in Frameworks */,
				13CE60EC2D3C142B00A30CD5 /* FirebaseAuth in Frameworks */,
				13CE60E22D3C142B00A30CD5 /* FirebaseAnalytics in Frameworks */,
				13CE60F82D3C142B00A30CD5 /* FirebaseFirestore in Frameworks */,
				13CE61062D3C142B00A30CD5 /* FirebaseMessaging in Frameworks */,
				13CE61022D3C142B00A30CD5 /* FirebaseInstallations in Frameworks */,
				13CE60FE2D3C142B00A30CD5 /* FirebaseFunctionsCombine-Community in Frameworks */,
				13DBC07D2D46E53400AFC20B /* GoogleSignIn in Frameworks */,
				13CE60EA2D3C142B00A30CD5 /* FirebaseAppDistribution-Beta in Frameworks */,
				13CE60E62D3C142B00A30CD5 /* FirebaseAnalyticsWithoutAdIdSupport in Frameworks */,
				13CE61002D3C142B00A30CD5 /* FirebaseInAppMessaging-Beta in Frameworks */,
				13CE60EE2D3C142B00A30CD5 /* FirebaseAuthCombine-Community in Frameworks */,
				13CE60F22D3C142B00A30CD5 /* FirebaseCrashlytics in Frameworks */,
				13CE61042D3C142B00A30CD5 /* FirebaseMLModelDownloader in Frameworks */,
				13CE610C2D3C142B00A30CD5 /* FirebaseStorage in Frameworks */,
				13CE60F02D3C142B00A30CD5 /* FirebaseCore in Frameworks */,
				13CE60E42D3C142B00A30CD5 /* FirebaseAnalyticsOnDeviceConversion in Frameworks */,
			);
			runOnlyForDeploymentPostprocessing = 0;
		};
/* End PBXFrameworksBuildPhase section */

/* Begin PBXGroup section */
		058557D7273AAEEB004C7B11 /* Preview Content */ = {
			isa = PBXGroup;
			children = (
				058557D8273AAEEB004C7B11 /* Preview Assets.xcassets */,
			);
			path = "Preview Content";
			sourceTree = "<group>";
		};
		7555FF72242A565900829871 = {
			isa = PBXGroup;
			children = (
				13F975112D92368000AD68D3 /* sound_1.wav */,
				13F975122D92368000AD68D3 /* sound_2.wav */,
				13F975132D92368000AD68D3 /* sound_3.wav */,
				13F975142D92368000AD68D3 /* sound_4.wav */,
				13F975102D92368000AD68D3 /* sound_5.wav */,
				13F9750F2D92368000AD68D3 /* sound_6.wav */,
				13F975092D92367F00AD68D3 /* sound_7.wav */,
				13F9750A2D92367F00AD68D3 /* sound_8.wav */,
				13F9750B2D92368000AD68D3 /* sound_9.wav */,
				13F9750C2D92368000AD68D3 /* sound_10.wav */,
				13F9750D2D92368000AD68D3 /* sound_11.wav */,
				13F9750E2D92368000AD68D3 /* sound_12.wav */,
				13CE61112D3C14D200A30CD5 /* GoogleService-Info.plist */,
				AB1DB47929225F7C00F7AF9C /* Configuration */,
				7555FF7D242A565900829871 /* iosApp */,
				7555FF7C242A565900829871 /* Products */,
			);
			sourceTree = "<group>";
		};
		7555FF7C242A565900829871 /* Products */ = {
			isa = PBXGroup;
			children = (
				7555FF7B242A565900829871 /* Tzakar.app */,
			);
			name = Products;
			sourceTree = "<group>";
		};
		7555FF7D242A565900829871 /* iosApp */ = {
			isa = PBXGroup;
			children = (
				058557BA273AAA24004C7B11 /* Assets.xcassets */,
				7555FF82242A565900829871 /* ContentView.swift */,
				7555FF8C242A565B00829871 /* Info.plist */,
				2152FB032600AC8F00CF470E /* iOSApp.swift */,
				058557D7273AAEEB004C7B11 /* Preview Content */,
				13DD1C892D3CC43C0099B166 /* Launch Screen.storyboard */,
			);
			path = iosApp;
			sourceTree = "<group>";
		};
		AB1DB47929225F7C00F7AF9C /* Configuration */ = {
			isa = PBXGroup;
			children = (
				AB3632DC29227652001CCB65 /* Config.xcconfig */,
			);
			path = Configuration;
			sourceTree = "<group>";
		};
/* End PBXGroup section */

/* Begin PBXNativeTarget section */
		7555FF7A242A565900829871 /* iosApp */ = {
			isa = PBXNativeTarget;
			buildConfigurationList = 7555FFA5242A565B00829871 /* Build configuration list for PBXNativeTarget "iosApp" */;
			buildPhases = (
				F36B1CEB2AD83DDC00CB74D5 /* Compile Kotlin Framework */,
				7555FF77242A565900829871 /* Sources */,
				B92378962B6B1156000C7307 /* Frameworks */,
				7555FF79242A565900829871 /* Resources */,
				13F975082D92362300AD68D3 /* CopyFiles */,
			);
			buildRules = (
			);
			dependencies = (
			);
			name = iosApp;
			packageProductDependencies = (
				13CE60E12D3C142B00A30CD5 /* FirebaseAnalytics */,
				13CE60E32D3C142B00A30CD5 /* FirebaseAnalyticsOnDeviceConversion */,
				13CE60E52D3C142B00A30CD5 /* FirebaseAnalyticsWithoutAdIdSupport */,
				13CE60E72D3C142B00A30CD5 /* FirebaseAppCheck */,
				13CE60E92D3C142B00A30CD5 /* FirebaseAppDistribution-Beta */,
				13CE60EB2D3C142B00A30CD5 /* FirebaseAuth */,
				13CE60ED2D3C142B00A30CD5 /* FirebaseAuthCombine-Community */,
				13CE60EF2D3C142B00A30CD5 /* FirebaseCore */,
				13CE60F12D3C142B00A30CD5 /* FirebaseCrashlytics */,
				13CE60F32D3C142B00A30CD5 /* FirebaseDatabase */,
				13CE60F52D3C142B00A30CD5 /* FirebaseDynamicLinks */,
				13CE60F72D3C142B00A30CD5 /* FirebaseFirestore */,
				13CE60F92D3C142B00A30CD5 /* FirebaseFirestoreCombine-Community */,
				13CE60FB2D3C142B00A30CD5 /* FirebaseFunctions */,
				13CE60FD2D3C142B00A30CD5 /* FirebaseFunctionsCombine-Community */,
				13CE60FF2D3C142B00A30CD5 /* FirebaseInAppMessaging-Beta */,
				13CE61012D3C142B00A30CD5 /* FirebaseInstallations */,
				13CE61032D3C142B00A30CD5 /* FirebaseMLModelDownloader */,
				13CE61052D3C142B00A30CD5 /* FirebaseMessaging */,
				13CE61072D3C142B00A30CD5 /* FirebasePerformance */,
				13CE61092D3C142B00A30CD5 /* FirebaseRemoteConfig */,
				13CE610B2D3C142B00A30CD5 /* FirebaseStorage */,
				13CE610D2D3C142B00A30CD5 /* FirebaseStorageCombine-Community */,
				13CE610F2D3C142B00A30CD5 /* FirebaseVertexAI */,
				13DBC07C2D46E53400AFC20B /* GoogleSignIn */,
				13DBC07E2D46E53400AFC20B /* GoogleSignInSwift */,
			);
			productName = iosApp;
			productReference = 7555FF7B242A565900829871 /* Tzakar.app */;
			productType = "com.apple.product-type.application";
		};
/* End PBXNativeTarget section */

/* Begin PBXProject section */
		7555FF73242A565900829871 /* Project object */ = {
			isa = PBXProject;
			attributes = {
				BuildIndependentTargetsInParallel = YES;
				LastSwiftUpdateCheck = 1130;
				LastUpgradeCheck = 1540;
				ORGANIZATIONNAME = orgName;
				TargetAttributes = {
					7555FF7A242A565900829871 = {
						CreatedOnToolsVersion = 11.3.1;
					};
				};
			};
			buildConfigurationList = 7555FF76242A565900829871 /* Build configuration list for PBXProject "iosApp" */;
			compatibilityVersion = "Xcode 14.0";
			developmentRegion = en;
			hasScannedForEncodings = 0;
			knownRegions = (
				en,
				Base,
			);
			mainGroup = 7555FF72242A565900829871;
			packageReferences = (
				13CE60E02D3C13E100A30CD5 /* XCRemoteSwiftPackageReference "firebase-ios-sdk" */,
				13DBC07B2D46E53400AFC20B /* XCRemoteSwiftPackageReference "GoogleSignIn-iOS" */,
			);
			productRefGroup = 7555FF7C242A565900829871 /* Products */;
			projectDirPath = "";
			projectRoot = "";
			targets = (
				7555FF7A242A565900829871 /* iosApp */,
			);
		};
/* End PBXProject section */

/* Begin PBXResourcesBuildPhase section */
		7555FF79242A565900829871 /* Resources */ = {
			isa = PBXResourcesBuildPhase;
			buildActionMask = 2147483647;
			files = (
				13F975152D92368000AD68D3 /* sound_7.wav in Resources */,
				13F975162D92368000AD68D3 /* sound_8.wav in Resources */,
				13F975172D92368000AD68D3 /* sound_9.wav in Resources */,
				13F975182D92368000AD68D3 /* sound_10.wav in Resources */,
				13F975192D92368000AD68D3 /* sound_11.wav in Resources */,
				13F9751A2D92368000AD68D3 /* sound_12.wav in Resources */,
				13F9751B2D92368000AD68D3 /* sound_6.wav in Resources */,
				13F9751C2D92368000AD68D3 /* sound_5.wav in Resources */,
				13F9751D2D92368000AD68D3 /* sound_1.wav in Resources */,
				13F9751E2D92368000AD68D3 /* sound_2.wav in Resources */,
				13F9751F2D92368000AD68D3 /* sound_3.wav in Resources */,
				13F975202D92368000AD68D3 /* sound_4.wav in Resources */,
				058557D9273AAEEB004C7B11 /* Preview Assets.xcassets in Resources */,
				058557BB273AAA24004C7B11 /* Assets.xcassets in Resources */,
				13DD1C8A2D3CC43C0099B166 /* Launch Screen.storyboard in Resources */,
				13CE61122D3C14D200A30CD5 /* GoogleService-Info.plist in Resources */,
			);
			runOnlyForDeploymentPostprocessing = 0;
		};
/* End PBXResourcesBuildPhase section */

/* Begin PBXShellScriptBuildPhase section */
		F36B1CEB2AD83DDC00CB74D5 /* Compile Kotlin Framework */ = {
			isa = PBXShellScriptBuildPhase;
			buildActionMask = 2147483647;
			files = (
			);
			inputFileListPaths = (
			);
			inputPaths = (
			);
			name = "Compile Kotlin Framework";
			outputFileListPaths = (
			);
			outputPaths = (
			);
			runOnlyForDeploymentPostprocessing = 0;
			shellPath = /bin/sh;
			shellScript = "if [ \"YES\" = \"$OVERRIDE_KOTLIN_BUILD_IDE_SUPPORTED\" ]; then\n  echo \"Skipping Gradle build task invocation due to OVERRIDE_KOTLIN_BUILD_IDE_SUPPORTED environment variable set to \\\"YES\\\"\"\n  exit 0\nfi\ncd \"$SRCROOT/..\"\n./gradlew :composeApp:embedAndSignAppleFrameworkForXcode\n";
		};
/* End PBXShellScriptBuildPhase section */

/* Begin PBXSourcesBuildPhase section */
		7555FF77242A565900829871 /* Sources */ = {
			isa = PBXSourcesBuildPhase;
			buildActionMask = 2147483647;
			files = (
				2152FB042600AC8F00CF470E /* iOSApp.swift in Sources */,
				7555FF83242A565900829871 /* ContentView.swift in Sources */,
			);
			runOnlyForDeploymentPostprocessing = 0;
		};
/* End PBXSourcesBuildPhase section */

/* Begin XCBuildConfiguration section */
		7555FFA3242A565B00829871 /* Debug */ = {
			isa = XCBuildConfiguration;
			baseConfigurationReference = AB3632DC29227652001CCB65 /* Config.xcconfig */;
			buildSettings = {
				ALWAYS_SEARCH_USER_PATHS = NO;
				CLANG_ANALYZER_NONNULL = YES;
				CLANG_ANALYZER_NUMBER_OBJECT_CONVERSION = YES_AGGRESSIVE;
				CLANG_CXX_LANGUAGE_STANDARD = "gnu++14";
				CLANG_CXX_LIBRARY = "libc++";
				CLANG_ENABLE_MODULES = YES;
				CLANG_ENABLE_OBJC_ARC = YES;
				CLANG_ENABLE_OBJC_WEAK = YES;
				CLANG_WARN_BLOCK_CAPTURE_AUTORELEASING = YES;
				CLANG_WARN_BOOL_CONVERSION = YES;
				CLANG_WARN_COMMA = YES;
				CLANG_WARN_CONSTANT_CONVERSION = YES;
				CLANG_WARN_DEPRECATED_OBJC_IMPLEMENTATIONS = YES;
				CLANG_WARN_DIRECT_OBJC_ISA_USAGE = YES_ERROR;
				CLANG_WARN_DOCUMENTATION_COMMENTS = YES;
				CLANG_WARN_EMPTY_BODY = YES;
				CLANG_WARN_ENUM_CONVERSION = YES;
				CLANG_WARN_INFINITE_RECURSION = YES;
				CLANG_WARN_INT_CONVERSION = YES;
				CLANG_WARN_NON_LITERAL_NULL_CONVERSION = YES;
				CLANG_WARN_OBJC_IMPLICIT_RETAIN_SELF = YES;
				CLANG_WARN_OBJC_LITERAL_CONVERSION = YES;
				CLANG_WARN_OBJC_ROOT_CLASS = YES_ERROR;
				CLANG_WARN_QUOTED_INCLUDE_IN_FRAMEWORK_HEADER = YES;
				CLANG_WARN_RANGE_LOOP_ANALYSIS = YES;
				CLANG_WARN_STRICT_PROTOTYPES = YES;
				CLANG_WARN_SUSPICIOUS_MOVE = YES;
				CLANG_WARN_UNGUARDED_AVAILABILITY = YES_AGGRESSIVE;
				CLANG_WARN_UNREACHABLE_CODE = YES;
				CLANG_WARN__DUPLICATE_METHOD_MATCH = YES;
				COPY_PHASE_STRIP = NO;
				DEBUG_INFORMATION_FORMAT = "dwarf-with-dsym";
				EMBED_ASSET_PACKS_IN_PRODUCT_BUNDLE = YES;
				ENABLE_ON_DEMAND_RESOURCES = YES;
				ENABLE_STRICT_OBJC_MSGSEND = YES;
				ENABLE_TESTABILITY = YES;
				ENABLE_USER_SCRIPT_SANDBOXING = NO;
				GCC_C_LANGUAGE_STANDARD = gnu11;
				GCC_DYNAMIC_NO_PIC = NO;
				GCC_NO_COMMON_BLOCKS = YES;
				GCC_OPTIMIZATION_LEVEL = 0;
				GCC_PREPROCESSOR_DEFINITIONS = (
					"DEBUG=1",
					"$(inherited)",
				);
				GCC_WARN_64_TO_32_BIT_CONVERSION = YES;
				GCC_WARN_ABOUT_RETURN_TYPE = YES_ERROR;
				GCC_WARN_UNDECLARED_SELECTOR = YES;
				GCC_WARN_UNINITIALIZED_AUTOS = YES_AGGRESSIVE;
				GCC_WARN_UNUSED_FUNCTION = YES;
				GCC_WARN_UNUSED_VARIABLE = YES;
				IPHONEOS_DEPLOYMENT_TARGET = 15.3;
				MTL_ENABLE_DEBUG_INFO = INCLUDE_SOURCE;
				MTL_FAST_MATH = YES;
				ONLY_ACTIVE_ARCH = YES;
				SDKROOT = iphoneos;
				SWIFT_ACTIVE_COMPILATION_CONDITIONS = DEBUG;
				SWIFT_OPTIMIZATION_LEVEL = "-Onone";
			};
			name = Debug;
		};
		7555FFA4242A565B00829871 /* Release */ = {
			isa = XCBuildConfiguration;
			baseConfigurationReference = AB3632DC29227652001CCB65 /* Config.xcconfig */;
			buildSettings = {
				ALWAYS_SEARCH_USER_PATHS = NO;
				CLANG_ANALYZER_NONNULL = YES;
				CLANG_ANALYZER_NUMBER_OBJECT_CONVERSION = YES_AGGRESSIVE;
				CLANG_CXX_LANGUAGE_STANDARD = "gnu++14";
				CLANG_CXX_LIBRARY = "libc++";
				CLANG_ENABLE_MODULES = YES;
				CLANG_ENABLE_OBJC_ARC = YES;
				CLANG_ENABLE_OBJC_WEAK = YES;
				CLANG_WARN_BLOCK_CAPTURE_AUTORELEASING = YES;
				CLANG_WARN_BOOL_CONVERSION = YES;
				CLANG_WARN_COMMA = YES;
				CLANG_WARN_CONSTANT_CONVERSION = YES;
				CLANG_WARN_DEPRECATED_OBJC_IMPLEMENTATIONS = YES;
				CLANG_WARN_DIRECT_OBJC_ISA_USAGE = YES_ERROR;
				CLANG_WARN_DOCUMENTATION_COMMENTS = YES;
				CLANG_WARN_EMPTY_BODY = YES;
				CLANG_WARN_ENUM_CONVERSION = YES;
				CLANG_WARN_INFINITE_RECURSION = YES;
				CLANG_WARN_INT_CONVERSION = YES;
				CLANG_WARN_NON_LITERAL_NULL_CONVERSION = YES;
				CLANG_WARN_OBJC_IMPLICIT_RETAIN_SELF = YES;
				CLANG_WARN_OBJC_LITERAL_CONVERSION = YES;
				CLANG_WARN_OBJC_ROOT_CLASS = YES_ERROR;
				CLANG_WARN_QUOTED_INCLUDE_IN_FRAMEWORK_HEADER = YES;
				CLANG_WARN_RANGE_LOOP_ANALYSIS = YES;
				CLANG_WARN_STRICT_PROTOTYPES = YES;
				CLANG_WARN_SUSPICIOUS_MOVE = YES;
				CLANG_WARN_UNGUARDED_AVAILABILITY = YES_AGGRESSIVE;
				CLANG_WARN_UNREACHABLE_CODE = YES;
				CLANG_WARN__DUPLICATE_METHOD_MATCH = YES;
				COPY_PHASE_STRIP = NO;
				DEBUG_INFORMATION_FORMAT = "dwarf-with-dsym";
				EMBED_ASSET_PACKS_IN_PRODUCT_BUNDLE = YES;
				ENABLE_NS_ASSERTIONS = NO;
				ENABLE_ON_DEMAND_RESOURCES = YES;
				ENABLE_STRICT_OBJC_MSGSEND = YES;
				ENABLE_USER_SCRIPT_SANDBOXING = NO;
				GCC_C_LANGUAGE_STANDARD = gnu11;
				GCC_NO_COMMON_BLOCKS = YES;
				GCC_WARN_64_TO_32_BIT_CONVERSION = YES;
				GCC_WARN_ABOUT_RETURN_TYPE = YES_ERROR;
				GCC_WARN_UNDECLARED_SELECTOR = YES;
				GCC_WARN_UNINITIALIZED_AUTOS = YES_AGGRESSIVE;
				GCC_WARN_UNUSED_FUNCTION = YES;
				GCC_WARN_UNUSED_VARIABLE = YES;
				IPHONEOS_DEPLOYMENT_TARGET = 15.3;
				MTL_ENABLE_DEBUG_INFO = NO;
				MTL_FAST_MATH = YES;
				SDKROOT = iphoneos;
				SWIFT_COMPILATION_MODE = wholemodule;
				SWIFT_OPTIMIZATION_LEVEL = "-O";
				VALIDATE_PRODUCT = YES;
			};
			name = Release;
		};
		7555FFA6242A565B00829871 /* Debug */ = {
			isa = XCBuildConfiguration;
			buildSettings = {
				ASSETCATALOG_COMPILER_APPICON_NAME = AppIcon;
				ASSETCATALOG_COMPILER_INCLUDE_ALL_APPICON_ASSETS = NO;
				CODE_SIGN_IDENTITY = "Apple Development";
				CODE_SIGN_STYLE = Automatic;
				DEVELOPMENT_ASSET_PATHS = "\"iosApp/Preview Content\"";
				DEVELOPMENT_TEAM = "${TEAM_ID}";
				ENABLE_PREVIEWS = YES;
				FRAMEWORK_SEARCH_PATHS = (
					"$(inherited)",
					"$(SRCROOT)/../shared/build/xcode-frameworks/$(CONFIGURATION)/$(SDK_NAME)\n$(SRCROOT)/../composeApp/build/xcode-frameworks/$(CONFIGURATION)/$(SDK_NAME)",
				);
				INFOPLIST_FILE = iosApp/Info.plist;
				IPHONEOS_DEPLOYMENT_TARGET = 15.3;
				LD_RUNPATH_SEARCH_PATHS = (
					"$(inherited)",
					"@executable_path/Frameworks",
				);
				PRODUCT_BUNDLE_IDENTIFIER = "${BUNDLE_ID}${TEAM_ID}";
				PRODUCT_NAME = "${APP_NAME}";
				PROVISIONING_PROFILE_SPECIFIER = "";
				SWIFT_VERSION = 5.0;
				TARGETED_DEVICE_FAMILY = "1,2";
			};
			name = Debug;
		};
		7555FFA7242A565B00829871 /* Release */ = {
			isa = XCBuildConfiguration;
			buildSettings = {
				ASSETCATALOG_COMPILER_APPICON_NAME = AppIcon;
				ASSETCATALOG_COMPILER_INCLUDE_ALL_APPICON_ASSETS = NO;
				CODE_SIGN_IDENTITY = "Apple Development";
				CODE_SIGN_STYLE = Automatic;
				DEVELOPMENT_ASSET_PATHS = "\"iosApp/Preview Content\"";
				DEVELOPMENT_TEAM = "${TEAM_ID}";
				ENABLE_PREVIEWS = YES;
				FRAMEWORK_SEARCH_PATHS = (
					"$(inherited)",
					"$(SRCROOT)/../shared/build/xcode-frameworks/$(CONFIGURATION)/$(SDK_NAME)\n$(SRCROOT)/../composeApp/build/xcode-frameworks/$(CONFIGURATION)/$(SDK_NAME)",
				);
				INFOPLIST_FILE = iosApp/Info.plist;
				IPHONEOS_DEPLOYMENT_TARGET = 15.3;
				LD_RUNPATH_SEARCH_PATHS = (
					"$(inherited)",
					"@executable_path/Frameworks",
				);
				PRODUCT_BUNDLE_IDENTIFIER = "${BUNDLE_ID}${TEAM_ID}";
				PRODUCT_NAME = "${APP_NAME}";
				PROVISIONING_PROFILE_SPECIFIER = "";
				SWIFT_VERSION = 5.0;
				TARGETED_DEVICE_FAMILY = "1,2";
			};
			name = Release;
		};
/* End XCBuildConfiguration section */

/* Begin XCConfigurationList section */
		7555FF76242A565900829871 /* Build configuration list for PBXProject "iosApp" */ = {
			isa = XCConfigurationList;
			buildConfigurations = (
				7555FFA3242A565B00829871 /* Debug */,
				7555FFA4242A565B00829871 /* Release */,
			);
			defaultConfigurationIsVisible = 0;
			defaultConfigurationName = Release;
		};
		7555FFA5242A565B00829871 /* Build configuration list for PBXNativeTarget "iosApp" */ = {
			isa = XCConfigurationList;
			buildConfigurations = (
				7555FFA6242A565B00829871 /* Debug */,
				7555FFA7242A565B00829871 /* Release */,
			);
			defaultConfigurationIsVisible = 0;
			defaultConfigurationName = Release;
		};
/* End XCConfigurationList section */

/* Begin XCRemoteSwiftPackageReference section */
		13CE60E02D3C13E100A30CD5 /* XCRemoteSwiftPackageReference "firebase-ios-sdk" */ = {
			isa = XCRemoteSwiftPackageReference;
			repositoryURL = "https://github.com/firebase/firebase-ios-sdk";
			requirement = {
				kind = upToNextMajorVersion;
				minimumVersion = 11.7.0;
			};
		};
		13DBC07B2D46E53400AFC20B /* XCRemoteSwiftPackageReference "GoogleSignIn-iOS" */ = {
			isa = XCRemoteSwiftPackageReference;
			repositoryURL = "https://github.com/google/GoogleSignIn-iOS";
			requirement = {
				kind = upToNextMajorVersion;
				minimumVersion = 8.0.0;
			};
		};
/* End XCRemoteSwiftPackageReference section */

/* Begin XCSwiftPackageProductDependency section */
		13CE60E12D3C142B00A30CD5 /* FirebaseAnalytics */ = {
			isa = XCSwiftPackageProductDependency;
			package = 13CE60E02D3C13E100A30CD5 /* XCRemoteSwiftPackageReference "firebase-ios-sdk" */;
			productName = FirebaseAnalytics;
		};
		13CE60E32D3C142B00A30CD5 /* FirebaseAnalyticsOnDeviceConversion */ = {
			isa = XCSwiftPackageProductDependency;
			package = 13CE60E02D3C13E100A30CD5 /* XCRemoteSwiftPackageReference "firebase-ios-sdk" */;
			productName = FirebaseAnalyticsOnDeviceConversion;
		};
		13CE60E52D3C142B00A30CD5 /* FirebaseAnalyticsWithoutAdIdSupport */ = {
			isa = XCSwiftPackageProductDependency;
			package = 13CE60E02D3C13E100A30CD5 /* XCRemoteSwiftPackageReference "firebase-ios-sdk" */;
			productName = FirebaseAnalyticsWithoutAdIdSupport;
		};
		13CE60E72D3C142B00A30CD5 /* FirebaseAppCheck */ = {
			isa = XCSwiftPackageProductDependency;
			package = 13CE60E02D3C13E100A30CD5 /* XCRemoteSwiftPackageReference "firebase-ios-sdk" */;
			productName = FirebaseAppCheck;
		};
		13CE60E92D3C142B00A30CD5 /* FirebaseAppDistribution-Beta */ = {
			isa = XCSwiftPackageProductDependency;
			package = 13CE60E02D3C13E100A30CD5 /* XCRemoteSwiftPackageReference "firebase-ios-sdk" */;
			productName = "FirebaseAppDistribution-Beta";
		};
		13CE60EB2D3C142B00A30CD5 /* FirebaseAuth */ = {
			isa = XCSwiftPackageProductDependency;
			package = 13CE60E02D3C13E100A30CD5 /* XCRemoteSwiftPackageReference "firebase-ios-sdk" */;
			productName = FirebaseAuth;
		};
		13CE60ED2D3C142B00A30CD5 /* FirebaseAuthCombine-Community */ = {
			isa = XCSwiftPackageProductDependency;
			package = 13CE60E02D3C13E100A30CD5 /* XCRemoteSwiftPackageReference "firebase-ios-sdk" */;
			productName = "FirebaseAuthCombine-Community";
		};
		13CE60EF2D3C142B00A30CD5 /* FirebaseCore */ = {
			isa = XCSwiftPackageProductDependency;
			package = 13CE60E02D3C13E100A30CD5 /* XCRemoteSwiftPackageReference "firebase-ios-sdk" */;
			productName = FirebaseCore;
		};
		13CE60F12D3C142B00A30CD5 /* FirebaseCrashlytics */ = {
			isa = XCSwiftPackageProductDependency;
			package = 13CE60E02D3C13E100A30CD5 /* XCRemoteSwiftPackageReference "firebase-ios-sdk" */;
			productName = FirebaseCrashlytics;
		};
		13CE60F32D3C142B00A30CD5 /* FirebaseDatabase */ = {
			isa = XCSwiftPackageProductDependency;
			package = 13CE60E02D3C13E100A30CD5 /* XCRemoteSwiftPackageReference "firebase-ios-sdk" */;
			productName = FirebaseDatabase;
		};
		13CE60F52D3C142B00A30CD5 /* FirebaseDynamicLinks */ = {
			isa = XCSwiftPackageProductDependency;
			package = 13CE60E02D3C13E100A30CD5 /* XCRemoteSwiftPackageReference "firebase-ios-sdk" */;
			productName = FirebaseDynamicLinks;
		};
		13CE60F72D3C142B00A30CD5 /* FirebaseFirestore */ = {
			isa = XCSwiftPackageProductDependency;
			package = 13CE60E02D3C13E100A30CD5 /* XCRemoteSwiftPackageReference "firebase-ios-sdk" */;
			productName = FirebaseFirestore;
		};
		13CE60F92D3C142B00A30CD5 /* FirebaseFirestoreCombine-Community */ = {
			isa = XCSwiftPackageProductDependency;
			package = 13CE60E02D3C13E100A30CD5 /* XCRemoteSwiftPackageReference "firebase-ios-sdk" */;
			productName = "FirebaseFirestoreCombine-Community";
		};
		13CE60FB2D3C142B00A30CD5 /* FirebaseFunctions */ = {
			isa = XCSwiftPackageProductDependency;
			package = 13CE60E02D3C13E100A30CD5 /* XCRemoteSwiftPackageReference "firebase-ios-sdk" */;
			productName = FirebaseFunctions;
		};
		13CE60FD2D3C142B00A30CD5 /* FirebaseFunctionsCombine-Community */ = {
			isa = XCSwiftPackageProductDependency;
			package = 13CE60E02D3C13E100A30CD5 /* XCRemoteSwiftPackageReference "firebase-ios-sdk" */;
			productName = "FirebaseFunctionsCombine-Community";
		};
		13CE60FF2D3C142B00A30CD5 /* FirebaseInAppMessaging-Beta */ = {
			isa = XCSwiftPackageProductDependency;
			package = 13CE60E02D3C13E100A30CD5 /* XCRemoteSwiftPackageReference "firebase-ios-sdk" */;
			productName = "FirebaseInAppMessaging-Beta";
		};
		13CE61012D3C142B00A30CD5 /* FirebaseInstallations */ = {
			isa = XCSwiftPackageProductDependency;
			package = 13CE60E02D3C13E100A30CD5 /* XCRemoteSwiftPackageReference "firebase-ios-sdk" */;
			productName = FirebaseInstallations;
		};
		13CE61032D3C142B00A30CD5 /* FirebaseMLModelDownloader */ = {
			isa = XCSwiftPackageProductDependency;
			package = 13CE60E02D3C13E100A30CD5 /* XCRemoteSwiftPackageReference "firebase-ios-sdk" */;
			productName = FirebaseMLModelDownloader;
		};
		13CE61052D3C142B00A30CD5 /* FirebaseMessaging */ = {
			isa = XCSwiftPackageProductDependency;
			package = 13CE60E02D3C13E100A30CD5 /* XCRemoteSwiftPackageReference "firebase-ios-sdk" */;
			productName = FirebaseMessaging;
		};
		13CE61072D3C142B00A30CD5 /* FirebasePerformance */ = {
			isa = XCSwiftPackageProductDependency;
			package = 13CE60E02D3C13E100A30CD5 /* XCRemoteSwiftPackageReference "firebase-ios-sdk" */;
			productName = FirebasePerformance;
		};
		13CE61092D3C142B00A30CD5 /* FirebaseRemoteConfig */ = {
			isa = XCSwiftPackageProductDependency;
			package = 13CE60E02D3C13E100A30CD5 /* XCRemoteSwiftPackageReference "firebase-ios-sdk" */;
			productName = FirebaseRemoteConfig;
		};
		13CE610B2D3C142B00A30CD5 /* FirebaseStorage */ = {
			isa = XCSwiftPackageProductDependency;
			package = 13CE60E02D3C13E100A30CD5 /* XCRemoteSwiftPackageReference "firebase-ios-sdk" */;
			productName = FirebaseStorage;
		};
		13CE610D2D3C142B00A30CD5 /* FirebaseStorageCombine-Community */ = {
			isa = XCSwiftPackageProductDependency;
			package = 13CE60E02D3C13E100A30CD5 /* XCRemoteSwiftPackageReference "firebase-ios-sdk" */;
			productName = "FirebaseStorageCombine-Community";
		};
		13CE610F2D3C142B00A30CD5 /* FirebaseVertexAI */ = {
			isa = XCSwiftPackageProductDependency;
			package = 13CE60E02D3C13E100A30CD5 /* XCRemoteSwiftPackageReference "firebase-ios-sdk" */;
			productName = FirebaseVertexAI;
		};
		13DBC07C2D46E53400AFC20B /* GoogleSignIn */ = {
			isa = XCSwiftPackageProductDependency;
			package = 13DBC07B2D46E53400AFC20B /* XCRemoteSwiftPackageReference "GoogleSignIn-iOS" */;
			productName = GoogleSignIn;
		};
		13DBC07E2D46E53400AFC20B /* GoogleSignInSwift */ = {
			isa = XCSwiftPackageProductDependency;
			package = 13DBC07B2D46E53400AFC20B /* XCRemoteSwiftPackageReference "GoogleSignIn-iOS" */;
			productName = GoogleSignInSwift;
		};
/* End XCSwiftPackageProductDependency section */
	};
	rootObject = 7555FF73242A565900829871 /* Project object */;
}
